// !$*UTF8*$!
{
	archiveVersion = 1;
	classes = {
	};
	objectVersion = 55;
	objects = {

/* Begin PBXBuildFile section */
		654BB86927593E8400D331E1 /* TarefasTableViewController.swift in Sources */ = {isa = PBXBuildFile; fileRef = 654BB86827593E8400D331E1 /* TarefasTableViewController.swift */; };
		654BB86B27593F3800D331E1 /* CadastroTarefaViewController.swift in Sources */ = {isa = PBXBuildFile; fileRef = 654BB86A27593F3800D331E1 /* CadastroTarefaViewController.swift */; };
		654BB86D2759420200D331E1 /* TarefaUserDefaults.swift in Sources */ = {isa = PBXBuildFile; fileRef = 654BB86C2759420200D331E1 /* TarefaUserDefaults.swift */; };
		65FC088B2758726C0032DFB9 /* AppDelegate.swift in Sources */ = {isa = PBXBuildFile; fileRef = 65FC088A2758726C0032DFB9 /* AppDelegate.swift */; };
		65FC088D2758726C0032DFB9 /* SceneDelegate.swift in Sources */ = {isa = PBXBuildFile; fileRef = 65FC088C2758726C0032DFB9 /* SceneDelegate.swift */; };
		65FC08922758726C0032DFB9 /* Main.storyboard in Resources */ = {isa = PBXBuildFile; fileRef = 65FC08902758726C0032DFB9 /* Main.storyboard */; };
		65FC0894275872760032DFB9 /* Assets.xcassets in Resources */ = {isa = PBXBuildFile; fileRef = 65FC0893275872760032DFB9 /* Assets.xcassets */; };
		65FC0897275872760032DFB9 /* LaunchScreen.storyboard in Resources */ = {isa = PBXBuildFile; fileRef = 65FC0895275872760032DFB9 /* LaunchScreen.storyboard */; };
/* End PBXBuildFile section */

/* Begin PBXFileReference section */
		654BB86827593E8400D331E1 /* TarefasTableViewController.swift */ = {isa = PBXFileReference; lastKnownFileType = sourcecode.swift; path = TarefasTableViewController.swift; sourceTree = "<group>"; };
		654BB86A27593F3800D331E1 /* CadastroTarefaViewController.swift */ = {isa = PBXFileReference; lastKnownFileType = sourcecode.swift; path = CadastroTarefaViewController.swift; sourceTree = "<group>"; };
		654BB86C2759420200D331E1 /* TarefaUserDefaults.swift */ = {isa = PBXFileReference; lastKnownFileType = sourcecode.swift; path = TarefaUserDefaults.swift; sourceTree = "<group>"; };
		65FC08872758726C0032DFB9 /* Lista de Tarefas.app */ = {isa = PBXFileReference; explicitFileType = wrapper.application; includeInIndex = 0; path = "Lista de Tarefas.app"; sourceTree = BUILT_PRODUCTS_DIR; };
		65FC088A2758726C0032DFB9 /* AppDelegate.swift */ = {isa = PBXFileReference; lastKnownFileType = sourcecode.swift; path = AppDelegate.swift; sourceTree = "<group>"; };
		65FC088C2758726C0032DFB9 /* SceneDelegate.swift */ = {isa = PBXFileReference; lastKnownFileType = sourcecode.swift; path = SceneDelegate.swift; sourceTree = "<group>"; };
		65FC08912758726C0032DFB9 /* Base */ = {isa = PBXFileReference; lastKnownFileType = file.storyboard; name = Base; path = Base.lproj/Main.storyboard; sourceTree = "<group>"; };
		65FC0893275872760032DFB9 /* Assets.xcassets */ = {isa = PBXFileReference; lastKnownFileType = folder.assetcatalog; path = Assets.xcassets; sourceTree = "<group>"; };
		65FC0896275872760032DFB9 /* Base */ = {isa = PBXFileReference; lastKnownFileType = file.storyboard; name = Base; path = Base.lproj/LaunchScreen.storyboard; sourceTree = "<group>"; };
		65FC0898275872760032DFB9 /* Info.plist */ = {isa = PBXFileReference; lastKnownFileType = text.plist.xml; path = Info.plist; sourceTree = "<group>"; };
/* End PBXFileReference section */

/* Begin PBXFrameworksBuildPhase section */
		65FC08842758726B0032DFB9 /* Frameworks */ = {
			isa = PBXFrameworksBuildPhase;
			buildActionMask = 2147483647;
			files = (
			);
			runOnlyForDeploymentPostprocessing = 0;
		};
/* End PBXFrameworksBuildPhase section */

/* Begin PBXGroup section */
		65FC087E2758726B0032DFB9 = {
			isa = PBXGroup;
			children = (
				65FC08892758726C0032DFB9 /* Lista de Tarefas */,
				65FC08882758726C0032DFB9 /* Products */,
			);
			sourceTree = "<group>";
		};
		65FC08882758726C0032DFB9 /* Products */ = {
			isa = PBXGroup;
			children = (
				65FC08872758726C0032DFB9 /* Lista de Tarefas.app */,
			);
			name = Products;
			sourceTree = "<group>";
		};
		65FC08892758726C0032DFB9 /* Lista de Tarefas */ = {
			isa = PBXGroup;
			children = (
				65FC088A2758726C0032DFB9 /* AppDelegate.swift */,
				654BB86827593E8400D331E1 /* TarefasTableViewController.swift */,
				654BB86A27593F3800D331E1 /* CadastroTarefaViewController.swift */,
				654BB86C2759420200D331E1 /* TarefaUserDefaults.swift */,
				65FC088C2758726C0032DFB9 /* SceneDelegate.swift */,
				65FC08902758726C0032DFB9 /* Main.storyboard */,
				65FC0893275872760032DFB9 /* Assets.xcassets */,
				65FC0895275872760032DFB9 /* LaunchScreen.storyboard */,
				65FC0898275872760032DFB9 /* Info.plist */,
			);
			path = "Lista de Tarefas";
			sourceTree = "<group>";
		};
/* End PBXGroup section */

/* Begin PBXNativeTarget section */
		65FC08862758726B0032DFB9 /* Lista de Tarefas */ = {
			isa = PBXNativeTarget;
			buildConfigurationList = 65FC089B275872760032DFB9 /* Build configuration list for PBXNativeTarget "Lista de Tarefas" */;
			buildPhases = (
				65FC08832758726B0032DFB9 /* Sources */,
				65FC08842758726B0032DFB9 /* Frameworks */,
				65FC08852758726B0032DFB9 /* Resources */,
			);
			buildRules = (
			);
			dependencies = (
			);
			name = "Lista de Tarefas";
			productName = "Lista de Tarefas";
			productReference = 65FC08872758726C0032DFB9 /* Lista de Tarefas.app */;
			productType = "com.apple.product-type.application";
		};
/* End PBXNativeTarget section */

/* Begin PBXProject section */
		65FC087F2758726B0032DFB9 /* Project object */ = {
			isa = PBXProject;
			attributes = {
				BuildIndependentTargetsInParallel = 1;
				LastSwiftUpdateCheck = 1300;
				LastUpgradeCheck = 1300;
				TargetAttributes = {
					65FC08862758726B0032DFB9 = {
						CreatedOnToolsVersion = 13.0;
					};
				};
			};
			buildConfigurationList = 65FC08822758726B0032DFB9 /* Build configuration list for PBXProject "Lista de Tarefas" */;
			compatibilityVersion = "Xcode 13.0";
			developmentRegion = en;
			hasScannedForEncodings = 0;
			knownRegions = (
				en,
				Base,
			);
			mainGroup = 65FC087E2758726B0032DFB9;
			productRefGroup = 65FC08882758726C0032DFB9 /* Products */;
			projectDirPath = "";
			projectRoot = "";
			targets = (
				65FC08862758726B0032DFB9 /* Lista de Tarefas */,
			);
		};
/* End PBXProject section */

/* Begin PBXResourcesBuildPhase section */
		65FC08852758726B0032DFB9 /* Resources */ = {
			isa = PBXResourcesBuildPhase;
			buildActionMask = 2147483647;
			files = (
				65FC0897275872760032DFB9 /* LaunchScreen.storyboard in Resources */,
				65FC0894275872760032DFB9 /* Assets.xcassets in Resources */,
				65FC08922758726C0032DFB9 /* Main.storyboard in Resources */,
			);
			runOnlyForDeploymentPostprocessing = 0;
		};
/* End PBXResourcesBuildPhase section */

/* Begin PBXSourcesBuildPhase section */
		65FC08832758726B0032DFB9 /* Sources */ = {
			isa = PBXSourcesBuildPhase;
			buildActionMask = 2147483647;
			files = (
				654BB86B27593F3800D331E1 /* CadastroTarefaViewController.swift in Sources */,
				65FC088B2758726C0032DFB9 /* AppDelegate.swift in Sources */,
				654BB86D2759420200D331E1 /* TarefaUserDefaults.swift in Sources */,
				654BB86927593E8400D331E1 /* TarefasTableViewController.swift in Sources */,
				65FC088D2758726C0032DFB9 /* SceneDelegate.swift in Sources */,
			);
			runOnlyForDeploymentPostprocessing = 0;
		};
/* End PBXSourcesBuildPhase section */

/* Begin PBXVariantGroup section */
		65FC08902758726C0032DFB9 /* Main.storyboard */ = {
			isa = PBXVariantGroup;
			children = (
				65FC08912758726C0032DFB9 /* Base */,
			);
			name = Main.storyboard;
			sourceTree = "<group>";
		};
		65FC0895275872760032DFB9 /* LaunchScreen.storyboard */ = {
			isa = PBXVariantGroup;
			children = (
				65FC0896275872760032DFB9 /* Base */,
			);
			name = LaunchScreen.storyboard;
			sourceTree = "<group>";
		};
/* End PBXVariantGroup section */

/* Begin XCBuildConfiguration section */
		65FC0899275872760032DFB9 /* Debug */ = {
			isa = XCBuildConfiguration;
			buildSettings = {
				ALWAYS_SEARCH_USER_PATHS = NO;
				CLANG_ANALYZER_NONNULL = YES;
				CLANG_ANALYZER_NUMBER_OBJECT_CONVERSION = YES_AGGRESSIVE;
				CLANG_CXX_LANGUAGE_STANDARD = "gnu++17";
				CLANG_CXX_LIBRARY = "libc++";
				CLANG_ENABLE_MODULES = YES;
				CLANG_ENABLE_OBJC_ARC = YES;
				CLANG_ENABLE_OBJC_WEAK = YES;
				CLANG_WARN_BLOCK_CAPTURE_AUTORELEASING = YES;
				CLANG_WARN_BOOL_CONVERSION = YES;
				CLANG_WARN_COMMA = YES;
				CLANG_WARN_CONSTANT_CONVERSION = YES;
				CLANG_WARN_DEPRECATED_OBJC_IMPLEMENTATIONS = YES;
				CLANG_WARN_DIRECT_OBJC_ISA_USAGE = YES_ERROR;
				CLANG_WARN_DOCUMENTATION_COMMENTS = YES;
				CLANG_WARN_EMPTY_BODY = YES;
				CLANG_WARN_ENUM_CONVERSION = YES;
				CLANG_WARN_INFINITE_RECURSION = YES;
				CLANG_WARN_INT_CONVERSION = YES;
				CLANG_WARN_NON_LITERAL_NULL_CONVERSION = YES;
				CLANG_WARN_OBJC_IMPLICIT_RETAIN_SELF = YES;
				CLANG_WARN_OBJC_LITERAL_CONVERSION = YES;
				CLANG_WARN_OBJC_ROOT_CLASS = YES_ERROR;
				CLANG_WARN_QUOTED_INCLUDE_IN_FRAMEWORK_HEADER = YES;
				CLANG_WARN_RANGE_LOOP_ANALYSIS = YES;
				CLANG_WARN_STRICT_PROTOTYPES = YES;
				CLANG_WARN_SUSPICIOUS_MOVE = YES;
				CLANG_WARN_UNGUARDED_AVAILABILITY = YES_AGGRESSIVE;
				CLANG_WARN_UNREACHABLE_CODE = YES;
				CLANG_WARN__DUPLICATE_METHOD_MATCH = YES;
				COPY_PHASE_STRIP = NO;
				DEBUG_INFORMATION_FORMAT = dwarf;
				ENABLE_STRICT_OBJC_MSGSEND = YES;
				ENABLE_TESTABILITY = YES;
				GCC_C_LANGUAGE_STANDARD = gnu11;
				GCC_DYNAMIC_NO_PIC = NO;
				GCC_NO_COMMON_BLOCKS = YES;
				GCC_OPTIMIZATION_LEVEL = 0;
				GCC_PREPROCESSOR_DEFINITIONS = (
					"DEBUG=1",
					"$(inherited)",
				);
				GCC_WARN_64_TO_32_BIT_CONVERSION = YES;
				GCC_WARN_ABOUT_RETURN_TYPE = YES_ERROR;
				GCC_WARN_UNDECLARED_SELECTOR = YES;
				GCC_WARN_UNINITIALIZED_AUTOS = YES_AGGRESSIVE;
				GCC_WARN_UNUSED_FUNCTION = YES;
				GCC_WARN_UNUSED_VARIABLE = YES;
				IPHONEOS_DEPLOYMENT_TARGET = 15.0;
				MTL_ENABLE_DEBUG_INFO = INCLUDE_SOURCE;
				MTL_FAST_MATH = YES;
				ONLY_ACTIVE_ARCH = YES;
				SDKROOT = iphoneos;
				SWIFT_ACTIVE_COMPILATION_CONDITIONS = DEBUG;
				SWIFT_OPTIMIZATION_LEVEL = "-Onone";
			};
			name = Debug;
		};
		65FC089A275872760032DFB9 /* Release */ = {
			isa = XCBuildConfiguration;
			buildSettings = {
				ALWAYS_SEARCH_USER_PATHS = NO;
				CLANG_ANALYZER_NONNULL = YES;
				CLANG_ANALYZER_NUMBER_OBJECT_CONVERSION = YES_AGGRESSIVE;
				CLANG_CXX_LANGUAGE_STANDARD = "gnu++17";
				CLANG_CXX_LIBRARY = "libc++";
				CLANG_ENABLE_MODULES = YES;
				CLANG_ENABLE_OBJC_ARC = YES;
				CLANG_ENABLE_OBJC_WEAK = YES;
				CLANG_WARN_BLOCK_CAPTURE_AUTORELEASING = YES;
				CLANG_WARN_BOOL_CONVERSION = YES;
				CLANG_WARN_COMMA = YES;
				CLANG_WARN_CONSTANT_CONVERSION = YES;
				CLANG_WARN_DEPRECATED_OBJC_IMPLEMENTATIONS = YES;
				CLANG_WARN_DIRECT_OBJC_ISA_USAGE = YES_ERROR;
				CLANG_WARN_DOCUMENTATION_COMMENTS = YES;
				CLANG_WARN_EMPTY_BODY = YES;
				CLANG_WARN_ENUM_CONVERSION = YES;
				CLANG_WARN_INFINITE_RECURSION = YES;
				CLANG_WARN_INT_CONVERSION = YES;
				CLANG_WARN_NON_LITERAL_NULL_CONVERSION = YES;
				CLANG_WARN_OBJC_IMPLICIT_RETAIN_SELF = YES;
				CLANG_WARN_OBJC_LITERAL_CONVERSION = YES;
				CLANG_WARN_OBJC_ROOT_CLASS = YES_ERROR;
				CLANG_WARN_QUOTED_INCLUDE_IN_FRAMEWORK_HEADER = YES;
				CLANG_WARN_RANGE_LOOP_ANALYSIS = YES;
				CLANG_WARN_STRICT_PROTOTYPES = YES;
				CLANG_WARN_SUSPICIOUS_MOVE = YES;
				CLANG_WARN_UNGUARDED_AVAILABILITY = YES_AGGRESSIVE;
				CLANG_WARN_UNREACHABLE_CODE = YES;
				CLANG_WARN__DUPLICATE_METHOD_MATCH = YES;
				COPY_PHASE_STRIP = NO;
				DEBUG_INFORMATION_FORMAT = "dwarf-with-dsym";
				ENABLE_NS_ASSERTIONS = NO;
				ENABLE_STRICT_OBJC_MSGSEND = YES;
				GCC_C_LANGUAGE_STANDARD = gnu11;
				GCC_NO_COMMON_BLOCKS = YES;
				GCC_WARN_64_TO_32_BIT_CONVERSION = YES;
				GCC_WARN_ABOUT_RETURN_TYPE = YES_ERROR;
				GCC_WARN_UNDECLARED_SELECTOR = YES;
				GCC_WARN_UNINITIALIZED_AUTOS = YES_AGGRESSIVE;
				GCC_WARN_UNUSED_FUNCTION = YES;
				GCC_WARN_UNUSED_VARIABLE = YES;
				IPHONEOS_DEPLOYMENT_TARGET = 15.0;
				MTL_ENABLE_DEBUG_INFO = NO;
				MTL_FAST_MATH = YES;
				SDKROOT = iphoneos;
				SWIFT_COMPILATION_MODE = wholemodule;
				SWIFT_OPTIMIZATION_LEVEL = "-O";
				VALIDATE_PRODUCT = YES;
			};
			name = Release;
		};
		65FC089C275872760032DFB9 /* Debug */ = {
			isa = XCBuildConfiguration;
			buildSettings = {
				ASSETCATALOG_COMPILER_APPICON_NAME = AppIcon;
				ASSETCATALOG_COMPILER_GLOBAL_ACCENT_COLOR_NAME = AccentColor;
				CODE_SIGN_STYLE = Automatic;
				CURRENT_PROJECT_VERSION = 1;
				DEVELOPMENT_TEAM = Q85KHBHX5L;
				GENERATE_INFOPLIST_FILE = YES;
				INFOPLIST_FILE = "Lista de Tarefas/Info.plist";
				INFOPLIST_KEY_UIApplicationSupportsIndirectInputEvents = YES;
				INFOPLIST_KEY_UILaunchStoryboardName = LaunchScreen;
				INFOPLIST_KEY_UIMainStoryboardFile = Main;
				INFOPLIST_KEY_UISupportedInterfaceOrientations_iPad = "UIInterfaceOrientationPortrait UIInterfaceOrientationPortraitUpsideDown UIInterfaceOrientationLandscapeLeft UIInterfaceOrientationLandscapeRight";
				INFOPLIST_KEY_UISupportedInterfaceOrientations_iPhone = "UIInterfaceOrientationPortrait UIInterfaceOrientationLandscapeLeft UIInterfaceOrientationLandscapeRight";
				LD_RUNPATH_SEARCH_PATHS = (
					"$(inherited)",
					"@executable_path/Frameworks",
				);
				MARKETING_VERSION = 1.0;
				PRODUCT_BUNDLE_IDENTIFIER = "cursoIOS.Lista-de-Tarefas";
				PRODUCT_NAME = "$(TARGET_NAME)";
				SWIFT_EMIT_LOC_STRINGS = YES;
				SWIFT_VERSION = 5.0;
				TARGETED_DEVICE_FAMILY = "1,2";
			};
			name = Debug;
		};
		65FC089D275872760032DFB9 /* Release */ = {
			isa = XCBuildConfiguration;
			buildSettings = {
				ASSETCATALOG_COMPILER_APPICON_NAME = AppIcon;
				ASSETCATALOG_COMPILER_GLOBAL_ACCENT_COLOR_NAME = AccentColor;
				CODE_SIGN_STYLE = Automatic;
				CURRENT_PROJECT_VERSION = 1;
				DEVELOPMENT_TEAM = Q85KHBHX5L;
				GENERATE_INFOPLIST_FILE = YES;
				INFOPLIST_FILE = "Lista de Tarefas/Info.plist";
				INFOPLIST_KEY_UIApplicationSupportsIndirectInputEvents = YES;
				INFOPLIST_KEY_UILaunchStoryboardName = LaunchScreen;
				INFOPLIST_KEY_UIMainStoryboardFile = Main;
				INFOPLIST_KEY_UISupportedInterfaceOrientations_iPad = "UIInterfaceOrientationPortrait UIInterfaceOrientationPortraitUpsideDown UIInterfaceOrientationLandscapeLeft UIInterfaceOrientationLandscapeRight";
				INFOPLIST_KEY_UISupportedInterfaceOrientations_iPhone = "UIInterfaceOrientationPortrait UIInterfaceOrientationLandscapeLeft UIInterfaceOrientationLandscapeRight";
				LD_RUNPATH_SEARCH_PATHS = (
					"$(inherited)",
					"@executable_path/Frameworks",
				);
				MARKETING_VERSION = 1.0;
				PRODUCT_BUNDLE_IDENTIFIER = "cursoIOS.Lista-de-Tarefas";
				PRODUCT_NAME = "$(TARGET_NAME)";
				SWIFT_EMIT_LOC_STRINGS = YES;
				SWIFT_VERSION = 5.0;
				TARGETED_DEVICE_FAMILY = "1,2";
			};
			name = Release;
		};
/* End XCBuildConfiguration section */

/* Begin XCConfigurationList section */
		65FC08822758726B0032DFB9 /* Build configuration list for PBXProject "Lista de Tarefas" */ = {
			isa = XCConfigurationList;
			buildConfigurations = (
				65FC0899275872760032DFB9 /* Debug */,
				65FC089A275872760032DFB9 /* Release */,
			);
			defaultConfigurationIsVisible = 0;
			defaultConfigurationName = Release;
		};
		65FC089B275872760032DFB9 /* Build configuration list for PBXNativeTarget "Lista de Tarefas" */ = {
			isa = XCConfigurationList;
			buildConfigurations = (
				65FC089C275872760032DFB9 /* Debug */,
				65FC089D275872760032DFB9 /* Release */,
			);
			defaultConfigurationIsVisible = 0;
			defaultConfigurationName = Release;
		};
/* End XCConfigurationList section */
	};
	rootObject = 65FC087F2758726B0032DFB9 /* Project object */;
}
